
Microsoft Visual Studio Solution File, Format Version 12.00
# Visual Studio Version 17
VisualStudioVersion = 17.3.32811.315
MinimumVisualStudioVersion = 10.0.40219.1
Project("{FAE04EC0-301F-11D3-BF4B-00C04F79EFBC}") = "WindowsFormsApp17", "WindowsFormsApp17\WindowsFormsApp17.csproj", "{BACF822F-8A1C-4C60-86F6-0A1E302BF9CA}"
EndProject
Global
	GlobalSection(SolutionConfigurationPlatforms) = preSolution
		Debug|Any CPU = Debug|Any CPU
		Release|Any CPU = Release|Any CPU
	EndGlobalSection
	GlobalSection(ProjectConfigurationPlatforms) = postSolution
		{BACF822F-8A1C-4C60-86F6-0A1E302BF9CA}.Debug|Any CPU.ActiveCfg = Debug|Any CPU
		{BACF822F-8A1C-4C60-86F6-0A1E302BF9CA}.Debug|Any CPU.Build.0 = Debug|Any CPU
		{BACF822F-8A1C-4C60-86F6-0A1E302BF9CA}.Release|Any CPU.ActiveCfg = Release|Any CPU
		{BACF822F-8A1C-4C60-86F6-0A1E302BF9CA}.Release|Any CPU.Build.0 = Release|Any CPU
	EndGlobalSection
	GlobalSection(SolutionProperties) = preSolution
		HideSolutionNode = FALSE
	EndGlobalSection
	GlobalSection(ExtensibilityGlobals) = postSolution
		SolutionGuid = {EF7CD1F7-2BD5-4957-B3D4-03F3B8976732}
	EndGlobalSection
EndGlobal
